// !$*UTF8*$!
{
	archiveVersion = 1;
	classes = {
	};
	objectVersion = 46;
	objects = {

/* Begin PBXBuildFile section */
		1DD30F5D226638DC00DAA4A1 /* TestTuringSafeDictionaryComparingSpec.swift in Sources */ = {isa = PBXBuildFile; fileRef = 1DD30F3A226638DC00DAA4A1 /* TestTuringSafeDictionaryComparingSpec.swift */; };
		1DD30F5E226638DC00DAA4A1 /* TestTuringSafeDictionaryAccessingSpec.swift in Sources */ = {isa = PBXBuildFile; fileRef = 1DD30F3B226638DC00DAA4A1 /* TestTuringSafeDictionaryAccessingSpec.swift */; };
		1DD30F5F226638DC00DAA4A1 /* TestTuringSafeDictionaryHasherSpec.swift in Sources */ = {isa = PBXBuildFile; fileRef = 1DD30F3C226638DC00DAA4A1 /* TestTuringSafeDictionaryHasherSpec.swift */; };
		1DD30F60226638DC00DAA4A1 /* TestTuringSafeDictionaryReorderingSpec.swift in Sources */ = {isa = PBXBuildFile; fileRef = 1DD30F3D226638DC00DAA4A1 /* TestTuringSafeDictionaryReorderingSpec.swift */; };
		1DD30F61226638DC00DAA4A1 /* TestTuringSafeDictionaryAddingSpec.swift in Sources */ = {isa = PBXBuildFile; fileRef = 1DD30F3E226638DC00DAA4A1 /* TestTuringSafeDictionaryAddingSpec.swift */; };
		1DD30F62226638DC00DAA4A1 /* TestTuringSafeDictionaryTransformingSpec.swift in Sources */ = {isa = PBXBuildFile; fileRef = 1DD30F3F226638DC00DAA4A1 /* TestTuringSafeDictionaryTransformingSpec.swift */; };
		1DD30F63226638DC00DAA4A1 /* TestTuringSafeDictionaryInitSpec.swift in Sources */ = {isa = PBXBuildFile; fileRef = 1DD30F40226638DC00DAA4A1 /* TestTuringSafeDictionaryInitSpec.swift */; };
		1DD30F64226638DC00DAA4A1 /* TestTuringSafeDictionaryRemovingSpec.swift in Sources */ = {isa = PBXBuildFile; fileRef = 1DD30F41226638DC00DAA4A1 /* TestTuringSafeDictionaryRemovingSpec.swift */; };
		1DD30F65226638DC00DAA4A1 /* TestTuringSafeDictionaryManipulatingSpec.swift in Sources */ = {isa = PBXBuildFile; fileRef = 1DD30F42226638DC00DAA4A1 /* TestTuringSafeDictionaryManipulatingSpec.swift */; };
		1DD30F67226638DC00DAA4A1 /* TestTuringSafeDictionaryInspectingSpec.swift in Sources */ = {isa = PBXBuildFile; fileRef = 1DD30F44226638DC00DAA4A1 /* TestTuringSafeDictionaryInspectingSpec.swift */; };
		1DD30F68226638DC00DAA4A1 /* TestTuringSafeDictionaryFindingSpec.swift in Sources */ = {isa = PBXBuildFile; fileRef = 1DD30F45226638DC00DAA4A1 /* TestTuringSafeDictionaryFindingSpec.swift */; };
		1DD30F6A226638DC00DAA4A1 /* TestTuringSafeyDictionarySelectingSpec.swift in Sources */ = {isa = PBXBuildFile; fileRef = 1DD30F47226638DC00DAA4A1 /* TestTuringSafeyDictionarySelectingSpec.swift */; };
		1DD30F6B226638DC00DAA4A1 /* TestTuringsafeDictionaryIteratingSpec.swift in Sources */ = {isa = PBXBuildFile; fileRef = 1DD30F48226638DC00DAA4A1 /* TestTuringsafeDictionaryIteratingSpec.swift */; };
		1DD30F6C226638DC00DAA4A1 /* TestTuringSafeDictionaryCodableSpec.swift in Sources */ = {isa = PBXBuildFile; fileRef = 1DD30F49226638DC00DAA4A1 /* TestTuringSafeDictionaryCodableSpec.swift */; };
		1DD30F6D226638DC00DAA4A1 /* TestTuringSafeDictionaryAsyncSpec.swift in Sources */ = {isa = PBXBuildFile; fileRef = 1DD30F4A226638DC00DAA4A1 /* TestTuringSafeDictionaryAsyncSpec.swift */; };
		1DD30F6F22675A6100DAA4A1 /* TestTuringSafeDictionaryExcludingSpec.swift in Sources */ = {isa = PBXBuildFile; fileRef = 1DD30F6E22675A6100DAA4A1 /* TestTuringSafeDictionaryExcludingSpec.swift */; };
		607FACD61AFB9204008FA782 /* AppDelegate.swift in Sources */ = {isa = PBXBuildFile; fileRef = 607FACD51AFB9204008FA782 /* AppDelegate.swift */; };
		607FACD81AFB9204008FA782 /* ViewController.swift in Sources */ = {isa = PBXBuildFile; fileRef = 607FACD71AFB9204008FA782 /* ViewController.swift */; };
		607FACDB1AFB9204008FA782 /* Main.storyboard in Resources */ = {isa = PBXBuildFile; fileRef = 607FACD91AFB9204008FA782 /* Main.storyboard */; };
		607FACDD1AFB9204008FA782 /* Images.xcassets in Resources */ = {isa = PBXBuildFile; fileRef = 607FACDC1AFB9204008FA782 /* Images.xcassets */; };
		607FACE01AFB9204008FA782 /* LaunchScreen.xib in Resources */ = {isa = PBXBuildFile; fileRef = 607FACDE1AFB9204008FA782 /* LaunchScreen.xib */; };
		8751EF852725A5FC66063E73 /* Pods_TuringSafeDictionary_Tests.framework in Frameworks */ = {isa = PBXBuildFile; fileRef = 007DB5EB0F00CCC97E819520 /* Pods_TuringSafeDictionary_Tests.framework */; };
		E2048FBCD8D9B79375C1B2A5 /* Pods_TuringSafeDictionary_Example.framework in Frameworks */ = {isa = PBXBuildFile; fileRef = 90D1AD82A1F9C4485DA7354E /* Pods_TuringSafeDictionary_Example.framework */; };
/* End PBXBuildFile section */

/* Begin PBXContainerItemProxy section */
		607FACE61AFB9204008FA782 /* PBXContainerItemProxy */ = {
			isa = PBXContainerItemProxy;
			containerPortal = 607FACC81AFB9204008FA782 /* Project object */;
			proxyType = 1;
			remoteGlobalIDString = 607FACCF1AFB9204008FA782;
			remoteInfo = TuringSafe;
		};
/* End PBXContainerItemProxy section */

/* Begin PBXFileReference section */
		007DB5EB0F00CCC97E819520 /* Pods_TuringSafeDictionary_Tests.framework */ = {isa = PBXFileReference; explicitFileType = wrapper.framework; includeInIndex = 0; path = Pods_TuringSafeDictionary_Tests.framework; sourceTree = BUILT_PRODUCTS_DIR; };
		1D5E9B0B22677310006B6ACC /* README.md */ = {isa = PBXFileReference; lastKnownFileType = net.daringfireball.markdown; name = README.md; path = ../README.md; sourceTree = "<group>"; };
		1D5E9B0C22677310006B6ACC /* LICENSE */ = {isa = PBXFileReference; lastKnownFileType = text; name = LICENSE; path = ../LICENSE; sourceTree = "<group>"; };
		1DD30F3A226638DC00DAA4A1 /* TestTuringSafeDictionaryComparingSpec.swift */ = {isa = PBXFileReference; fileEncoding = 4; lastKnownFileType = sourcecode.swift; path = TestTuringSafeDictionaryComparingSpec.swift; sourceTree = "<group>"; };
		1DD30F3B226638DC00DAA4A1 /* TestTuringSafeDictionaryAccessingSpec.swift */ = {isa = PBXFileReference; fileEncoding = 4; lastKnownFileType = sourcecode.swift; path = TestTuringSafeDictionaryAccessingSpec.swift; sourceTree = "<group>"; };
		1DD30F3C226638DC00DAA4A1 /* TestTuringSafeDictionaryHasherSpec.swift */ = {isa = PBXFileReference; fileEncoding = 4; lastKnownFileType = sourcecode.swift; path = TestTuringSafeDictionaryHasherSpec.swift; sourceTree = "<group>"; };
		1DD30F3D226638DC00DAA4A1 /* TestTuringSafeDictionaryReorderingSpec.swift */ = {isa = PBXFileReference; fileEncoding = 4; lastKnownFileType = sourcecode.swift; path = TestTuringSafeDictionaryReorderingSpec.swift; sourceTree = "<group>"; };
		1DD30F3E226638DC00DAA4A1 /* TestTuringSafeDictionaryAddingSpec.swift */ = {isa = PBXFileReference; fileEncoding = 4; lastKnownFileType = sourcecode.swift; path = TestTuringSafeDictionaryAddingSpec.swift; sourceTree = "<group>"; };
		1DD30F3F226638DC00DAA4A1 /* TestTuringSafeDictionaryTransformingSpec.swift */ = {isa = PBXFileReference; fileEncoding = 4; lastKnownFileType = sourcecode.swift; path = TestTuringSafeDictionaryTransformingSpec.swift; sourceTree = "<group>"; };
		1DD30F40226638DC00DAA4A1 /* TestTuringSafeDictionaryInitSpec.swift */ = {isa = PBXFileReference; fileEncoding = 4; lastKnownFileType = sourcecode.swift; path = TestTuringSafeDictionaryInitSpec.swift; sourceTree = "<group>"; };
		1DD30F41226638DC00DAA4A1 /* TestTuringSafeDictionaryRemovingSpec.swift */ = {isa = PBXFileReference; fileEncoding = 4; lastKnownFileType = sourcecode.swift; path = TestTuringSafeDictionaryRemovingSpec.swift; sourceTree = "<group>"; };
		1DD30F42226638DC00DAA4A1 /* TestTuringSafeDictionaryManipulatingSpec.swift */ = {isa = PBXFileReference; fileEncoding = 4; lastKnownFileType = sourcecode.swift; path = TestTuringSafeDictionaryManipulatingSpec.swift; sourceTree = "<group>"; };
		1DD30F44226638DC00DAA4A1 /* TestTuringSafeDictionaryInspectingSpec.swift */ = {isa = PBXFileReference; fileEncoding = 4; lastKnownFileType = sourcecode.swift; path = TestTuringSafeDictionaryInspectingSpec.swift; sourceTree = "<group>"; };
		1DD30F45226638DC00DAA4A1 /* TestTuringSafeDictionaryFindingSpec.swift */ = {isa = PBXFileReference; fileEncoding = 4; lastKnownFileType = sourcecode.swift; path = TestTuringSafeDictionaryFindingSpec.swift; sourceTree = "<group>"; };
		1DD30F47226638DC00DAA4A1 /* TestTuringSafeyDictionarySelectingSpec.swift */ = {isa = PBXFileReference; fileEncoding = 4; lastKnownFileType = sourcecode.swift; path = TestTuringSafeyDictionarySelectingSpec.swift; sourceTree = "<group>"; };
		1DD30F48226638DC00DAA4A1 /* TestTuringsafeDictionaryIteratingSpec.swift */ = {isa = PBXFileReference; fileEncoding = 4; lastKnownFileType = sourcecode.swift; path = TestTuringsafeDictionaryIteratingSpec.swift; sourceTree = "<group>"; };
		1DD30F49226638DC00DAA4A1 /* TestTuringSafeDictionaryCodableSpec.swift */ = {isa = PBXFileReference; fileEncoding = 4; lastKnownFileType = sourcecode.swift; path = TestTuringSafeDictionaryCodableSpec.swift; sourceTree = "<group>"; };
		1DD30F4A226638DC00DAA4A1 /* TestTuringSafeDictionaryAsyncSpec.swift */ = {isa = PBXFileReference; fileEncoding = 4; lastKnownFileType = sourcecode.swift; path = TestTuringSafeDictionaryAsyncSpec.swift; sourceTree = "<group>"; };
		1DD30F6E22675A6100DAA4A1 /* TestTuringSafeDictionaryExcludingSpec.swift */ = {isa = PBXFileReference; lastKnownFileType = sourcecode.swift; path = TestTuringSafeDictionaryExcludingSpec.swift; sourceTree = "<group>"; };
		1DD30F7D226767C700DAA4A1 /* TuringSafeDictionary.podspec */ = {isa = PBXFileReference; lastKnownFileType = text; name = TuringSafeDictionary.podspec; path = ../../../TuringSafeDictionary.podspec; sourceTree = "<group>"; };
		20B049322D1B498672273A0D /* Pods-TuringSafeDictionary_Tests.release.xcconfig */ = {isa = PBXFileReference; includeInIndex = 1; lastKnownFileType = text.xcconfig; name = "Pods-TuringSafeDictionary_Tests.release.xcconfig"; path = "Pods/Target Support Files/Pods-TuringSafeDictionary_Tests/Pods-TuringSafeDictionary_Tests.release.xcconfig"; sourceTree = "<group>"; };
		607FACD01AFB9204008FA782 /* TuringSafeDictionary_Example.app */ = {isa = PBXFileReference; explicitFileType = wrapper.application; includeInIndex = 0; path = TuringSafeDictionary_Example.app; sourceTree = BUILT_PRODUCTS_DIR; };
		607FACD41AFB9204008FA782 /* Info.plist */ = {isa = PBXFileReference; lastKnownFileType = text.plist.xml; path = Info.plist; sourceTree = "<group>"; };
		607FACD51AFB9204008FA782 /* AppDelegate.swift */ = {isa = PBXFileReference; lastKnownFileType = sourcecode.swift; path = AppDelegate.swift; sourceTree = "<group>"; };
		607FACD71AFB9204008FA782 /* ViewController.swift */ = {isa = PBXFileReference; lastKnownFileType = sourcecode.swift; path = ViewController.swift; sourceTree = "<group>"; };
		607FACDA1AFB9204008FA782 /* Base */ = {isa = PBXFileReference; lastKnownFileType = file.storyboard; name = Base; path = Base.lproj/Main.storyboard; sourceTree = "<group>"; };
		607FACDC1AFB9204008FA782 /* Images.xcassets */ = {isa = PBXFileReference; lastKnownFileType = folder.assetcatalog; path = Images.xcassets; sourceTree = "<group>"; };
		607FACDF1AFB9204008FA782 /* Base */ = {isa = PBXFileReference; lastKnownFileType = file.xib; name = Base; path = Base.lproj/LaunchScreen.xib; sourceTree = "<group>"; };
		607FACE51AFB9204008FA782 /* TuringSafeDictionary_Tests.xctest */ = {isa = PBXFileReference; explicitFileType = wrapper.cfbundle; includeInIndex = 0; path = TuringSafeDictionary_Tests.xctest; sourceTree = BUILT_PRODUCTS_DIR; };
		607FACEA1AFB9204008FA782 /* Info.plist */ = {isa = PBXFileReference; lastKnownFileType = text.plist.xml; path = Info.plist; sourceTree = "<group>"; };
		63D166D1C23ECFD82DC064D0 /* Pods-TuringSafeDictionary_Tests.debug.xcconfig */ = {isa = PBXFileReference; includeInIndex = 1; lastKnownFileType = text.xcconfig; name = "Pods-TuringSafeDictionary_Tests.debug.xcconfig"; path = "Pods/Target Support Files/Pods-TuringSafeDictionary_Tests/Pods-TuringSafeDictionary_Tests.debug.xcconfig"; sourceTree = "<group>"; };
		90D1AD82A1F9C4485DA7354E /* Pods_TuringSafeDictionary_Example.framework */ = {isa = PBXFileReference; explicitFileType = wrapper.framework; includeInIndex = 0; path = Pods_TuringSafeDictionary_Example.framework; sourceTree = BUILT_PRODUCTS_DIR; };
		B199F8FD67A366F0A345A141 /* Pods-TuringSafeDictionary_Example.debug.xcconfig */ = {isa = PBXFileReference; includeInIndex = 1; lastKnownFileType = text.xcconfig; name = "Pods-TuringSafeDictionary_Example.debug.xcconfig"; path = "Pods/Target Support Files/Pods-TuringSafeDictionary_Example/Pods-TuringSafeDictionary_Example.debug.xcconfig"; sourceTree = "<group>"; };
		D65FD12C014731448AD29D51 /* Pods-TuringSafeDictionary_Example.release.xcconfig */ = {isa = PBXFileReference; includeInIndex = 1; lastKnownFileType = text.xcconfig; name = "Pods-TuringSafeDictionary_Example.release.xcconfig"; path = "Pods/Target Support Files/Pods-TuringSafeDictionary_Example/Pods-TuringSafeDictionary_Example.release.xcconfig"; sourceTree = "<group>"; };
/* End PBXFileReference section */

/* Begin PBXFrameworksBuildPhase section */
		607FACCD1AFB9204008FA782 /* Frameworks */ = {
			isa = PBXFrameworksBuildPhase;
			buildActionMask = 2147483647;
			files = (
				E2048FBCD8D9B79375C1B2A5 /* Pods_TuringSafeDictionary_Example.framework in Frameworks */,
			);
			runOnlyForDeploymentPostprocessing = 0;
		};
		607FACE21AFB9204008FA782 /* Frameworks */ = {
			isa = PBXFrameworksBuildPhase;
			buildActionMask = 2147483647;
			files = (
				8751EF852725A5FC66063E73 /* Pods_TuringSafeDictionary_Tests.framework in Frameworks */,
			);
			runOnlyForDeploymentPostprocessing = 0;
		};
/* End PBXFrameworksBuildPhase section */

/* Begin PBXGroup section */
		607FACC71AFB9204008FA782 = {
			isa = PBXGroup;
			children = (
				607FACF51AFB993E008FA782 /* Podspec Metadata */,
				607FACD21AFB9204008FA782 /* Example for TuringSafeDictionary */,
				607FACE81AFB9204008FA782 /* Tests */,
				607FACD11AFB9204008FA782 /* Products */,
				A7DE4972D6570301962247EC /* Pods */,
				6C2266272EE43BA30B3169C4 /* Frameworks */,
			);
			sourceTree = "<group>";
		};
		607FACD11AFB9204008FA782 /* Products */ = {
			isa = PBXGroup;
			children = (
				607FACD01AFB9204008FA782 /* TuringSafeDictionary_Example.app */,
				607FACE51AFB9204008FA782 /* TuringSafeDictionary_Tests.xctest */,
			);
			name = Products;
			sourceTree = "<group>";
		};
		607FACD21AFB9204008FA782 /* Example for TuringSafeDictionary */ = {
			isa = PBXGroup;
			children = (
				607FACD51AFB9204008FA782 /* AppDelegate.swift */,
				607FACD71AFB9204008FA782 /* ViewController.swift */,
				607FACD91AFB9204008FA782 /* Main.storyboard */,
				607FACDC1AFB9204008FA782 /* Images.xcassets */,
				607FACDE1AFB9204008FA782 /* LaunchScreen.xib */,
				607FACD31AFB9204008FA782 /* Supporting Files */,
			);
			name = "Example for TuringSafeDictionary";
			path = TuringSafe;
			sourceTree = "<group>";
		};
		607FACD31AFB9204008FA782 /* Supporting Files */ = {
			isa = PBXGroup;
			children = (
				607FACD41AFB9204008FA782 /* Info.plist */,
			);
			name = "Supporting Files";
			sourceTree = "<group>";
		};
		607FACE81AFB9204008FA782 /* Tests */ = {
			isa = PBXGroup;
			children = (
				1DD30F40226638DC00DAA4A1 /* TestTuringSafeDictionaryInitSpec.swift */,
				1DD30F3A226638DC00DAA4A1 /* TestTuringSafeDictionaryComparingSpec.swift */,
				1DD30F3B226638DC00DAA4A1 /* TestTuringSafeDictionaryAccessingSpec.swift */,
				1DD30F3C226638DC00DAA4A1 /* TestTuringSafeDictionaryHasherSpec.swift */,
				1DD30F3D226638DC00DAA4A1 /* TestTuringSafeDictionaryReorderingSpec.swift */,
				1DD30F3E226638DC00DAA4A1 /* TestTuringSafeDictionaryAddingSpec.swift */,
				1DD30F3F226638DC00DAA4A1 /* TestTuringSafeDictionaryTransformingSpec.swift */,
				1DD30F41226638DC00DAA4A1 /* TestTuringSafeDictionaryRemovingSpec.swift */,
				1DD30F42226638DC00DAA4A1 /* TestTuringSafeDictionaryManipulatingSpec.swift */,
				1DD30F44226638DC00DAA4A1 /* TestTuringSafeDictionaryInspectingSpec.swift */,
				1DD30F45226638DC00DAA4A1 /* TestTuringSafeDictionaryFindingSpec.swift */,
				1DD30F47226638DC00DAA4A1 /* TestTuringSafeyDictionarySelectingSpec.swift */,
				1DD30F48226638DC00DAA4A1 /* TestTuringsafeDictionaryIteratingSpec.swift */,
				1DD30F49226638DC00DAA4A1 /* TestTuringSafeDictionaryCodableSpec.swift */,
				1DD30F4A226638DC00DAA4A1 /* TestTuringSafeDictionaryAsyncSpec.swift */,
				1DD30F6E22675A6100DAA4A1 /* TestTuringSafeDictionaryExcludingSpec.swift */,
				607FACE91AFB9204008FA782 /* Supporting Files */,
			);
			path = Tests;
			sourceTree = "<group>";
		};
		607FACE91AFB9204008FA782 /* Supporting Files */ = {
			isa = PBXGroup;
			children = (
				607FACEA1AFB9204008FA782 /* Info.plist */,
			);
			name = "Supporting Files";
			sourceTree = "<group>";
		};
		607FACF51AFB993E008FA782 /* Podspec Metadata */ = {
			isa = PBXGroup;
			children = (
				1D5E9B0C22677310006B6ACC /* LICENSE */,
				1D5E9B0B22677310006B6ACC /* README.md */,
				1DD30F7D226767C700DAA4A1 /* TuringSafeDictionary.podspec */,
			);
			name = "Podspec Metadata";
			sourceTree = "<group>";
		};
		6C2266272EE43BA30B3169C4 /* Frameworks */ = {
			isa = PBXGroup;
			children = (
				90D1AD82A1F9C4485DA7354E /* Pods_TuringSafeDictionary_Example.framework */,
				007DB5EB0F00CCC97E819520 /* Pods_TuringSafeDictionary_Tests.framework */,
			);
			name = Frameworks;
			sourceTree = "<group>";
		};
		A7DE4972D6570301962247EC /* Pods */ = {
			isa = PBXGroup;
			children = (
				B199F8FD67A366F0A345A141 /* Pods-TuringSafeDictionary_Example.debug.xcconfig */,
				D65FD12C014731448AD29D51 /* Pods-TuringSafeDictionary_Example.release.xcconfig */,
				63D166D1C23ECFD82DC064D0 /* Pods-TuringSafeDictionary_Tests.debug.xcconfig */,
				20B049322D1B498672273A0D /* Pods-TuringSafeDictionary_Tests.release.xcconfig */,
			);
			name = Pods;
			sourceTree = "<group>";
		};
/* End PBXGroup section */

/* Begin PBXNativeTarget section */
		607FACCF1AFB9204008FA782 /* TuringSafeDictionary_Example */ = {
			isa = PBXNativeTarget;
			buildConfigurationList = 607FACEF1AFB9204008FA782 /* Build configuration list for PBXNativeTarget "TuringSafeDictionary_Example" */;
			buildPhases = (
				112BDEEF3B1F72B129841995 /* [CP] Check Pods Manifest.lock */,
				607FACCC1AFB9204008FA782 /* Sources */,
				607FACCD1AFB9204008FA782 /* Frameworks */,
				607FACCE1AFB9204008FA782 /* Resources */,
				8374220CDFCB2927F4D83D99 /* [CP] Embed Pods Frameworks */,
			);
			buildRules = (
			);
			dependencies = (
			);
			name = TuringSafeDictionary_Example;
			productName = TuringSafe;
			productReference = 607FACD01AFB9204008FA782 /* TuringSafeDictionary_Example.app */;
			productType = "com.apple.product-type.application";
		};
		607FACE41AFB9204008FA782 /* TuringSafeDictionary_Tests */ = {
			isa = PBXNativeTarget;
			buildConfigurationList = 607FACF21AFB9204008FA782 /* Build configuration list for PBXNativeTarget "TuringSafeDictionary_Tests" */;
			buildPhases = (
				C45B45A221ECDAE6A2473BDE /* [CP] Check Pods Manifest.lock */,
				607FACE11AFB9204008FA782 /* Sources */,
				607FACE21AFB9204008FA782 /* Frameworks */,
				607FACE31AFB9204008FA782 /* Resources */,
				BF437AAD8D73302D29750DF1 /* [CP] Embed Pods Frameworks */,
			);
			buildRules = (
			);
			dependencies = (
				607FACE71AFB9204008FA782 /* PBXTargetDependency */,
			);
			name = TuringSafeDictionary_Tests;
			productName = Tests;
			productReference = 607FACE51AFB9204008FA782 /* TuringSafeDictionary_Tests.xctest */;
			productType = "com.apple.product-type.bundle.unit-test";
		};
/* End PBXNativeTarget section */

/* Begin PBXProject section */
		607FACC81AFB9204008FA782 /* Project object */ = {
			isa = PBXProject;
			attributes = {
				LastSwiftUpdateCheck = 0830;
				LastUpgradeCheck = 1020;
				ORGANIZATIONNAME = CocoaPods;
				TargetAttributes = {
					607FACCF1AFB9204008FA782 = {
						CreatedOnToolsVersion = 6.3.1;
						DevelopmentTeam = 7S572U2C68;
						LastSwiftMigration = 0900;
					};
					607FACE41AFB9204008FA782 = {
						CreatedOnToolsVersion = 6.3.1;
						DevelopmentTeam = 7S572U2C68;
						LastSwiftMigration = 0900;
						TestTargetID = 607FACCF1AFB9204008FA782;
					};
				};
			};
			buildConfigurationList = 607FACCB1AFB9204008FA782 /* Build configuration list for PBXProject "TuringSafeDictionary" */;
			compatibilityVersion = "Xcode 3.2";
			developmentRegion = English;
			hasScannedForEncodings = 0;
			knownRegions = (
				English,
				en,
				Base,
			);
			mainGroup = 607FACC71AFB9204008FA782;
			productRefGroup = 607FACD11AFB9204008FA782 /* Products */;
			projectDirPath = "";
			projectRoot = "";
			targets = (
				607FACCF1AFB9204008FA782 /* TuringSafeDictionary_Example */,
				607FACE41AFB9204008FA782 /* TuringSafeDictionary_Tests */,
			);
		};
/* End PBXProject section */

/* Begin PBXResourcesBuildPhase section */
		607FACCE1AFB9204008FA782 /* Resources */ = {
			isa = PBXResourcesBuildPhase;
			buildActionMask = 2147483647;
			files = (
				607FACDB1AFB9204008FA782 /* Main.storyboard in Resources */,
				607FACE01AFB9204008FA782 /* LaunchScreen.xib in Resources */,
				607FACDD1AFB9204008FA782 /* Images.xcassets in Resources */,
			);
			runOnlyForDeploymentPostprocessing = 0;
		};
		607FACE31AFB9204008FA782 /* Resources */ = {
			isa = PBXResourcesBuildPhase;
			buildActionMask = 2147483647;
			files = (
			);
			runOnlyForDeploymentPostprocessing = 0;
		};
/* End PBXResourcesBuildPhase section */

/* Begin PBXShellScriptBuildPhase section */
		112BDEEF3B1F72B129841995 /* [CP] Check Pods Manifest.lock */ = {
			isa = PBXShellScriptBuildPhase;
			buildActionMask = 2147483647;
			files = (
			);
			inputFileListPaths = (
			);
			inputPaths = (
				"${PODS_PODFILE_DIR_PATH}/Podfile.lock",
				"${PODS_ROOT}/Manifest.lock",
			);
			name = "[CP] Check Pods Manifest.lock";
			outputFileListPaths = (
			);
			outputPaths = (
				"$(DERIVED_FILE_DIR)/Pods-TuringSafeDictionary_Example-checkManifestLockResult.txt",
			);
			runOnlyForDeploymentPostprocessing = 0;
			shellPath = /bin/sh;
			shellScript = "diff \"${PODS_PODFILE_DIR_PATH}/Podfile.lock\" \"${PODS_ROOT}/Manifest.lock\" > /dev/null\nif [ $? != 0 ] ; then\n    # print error to STDERR\n    echo \"error: The sandbox is not in sync with the Podfile.lock. Run 'pod install' or update your CocoaPods installation.\" >&2\n    exit 1\nfi\n# This output is used by Xcode 'outputs' to avoid re-running this script phase.\necho \"SUCCESS\" > \"${SCRIPT_OUTPUT_FILE_0}\"\n";
			showEnvVarsInLog = 0;
		};
		8374220CDFCB2927F4D83D99 /* [CP] Embed Pods Frameworks */ = {
			isa = PBXShellScriptBuildPhase;
			buildActionMask = 2147483647;
			files = (
			);
			inputFileListPaths = (
			);
			inputPaths = (
				"${SRCROOT}/Pods/Target Support Files/Pods-TuringSafeDictionary_Example/Pods-TuringSafeDictionary_Example-frameworks.sh",
				"${BUILT_PRODUCTS_DIR}/TuringSafeDictionary/TuringSafeDictionary.framework",
			);
			name = "[CP] Embed Pods Frameworks";
			outputFileListPaths = (
			);
			outputPaths = (
				"${TARGET_BUILD_DIR}/${FRAMEWORKS_FOLDER_PATH}/TuringSafeDictionary.framework",
			);
			runOnlyForDeploymentPostprocessing = 0;
			shellPath = /bin/sh;
			shellScript = "\"${SRCROOT}/Pods/Target Support Files/Pods-TuringSafeDictionary_Example/Pods-TuringSafeDictionary_Example-frameworks.sh\"\n";
			showEnvVarsInLog = 0;
		};
		BF437AAD8D73302D29750DF1 /* [CP] Embed Pods Frameworks */ = {
			isa = PBXShellScriptBuildPhase;
			buildActionMask = 2147483647;
			files = (
			);
			inputFileListPaths = (
			);
			inputPaths = (
				"${SRCROOT}/Pods/Target Support Files/Pods-TuringSafeDictionary_Tests/Pods-TuringSafeDictionary_Tests-frameworks.sh",
				"${BUILT_PRODUCTS_DIR}/Nimble/Nimble.framework",
				"${BUILT_PRODUCTS_DIR}/Quick/Quick.framework",
			);
			name = "[CP] Embed Pods Frameworks";
			outputFileListPaths = (
			);
			outputPaths = (
				"${TARGET_BUILD_DIR}/${FRAMEWORKS_FOLDER_PATH}/Nimble.framework",
				"${TARGET_BUILD_DIR}/${FRAMEWORKS_FOLDER_PATH}/Quick.framework",
			);
			runOnlyForDeploymentPostprocessing = 0;
			shellPath = /bin/sh;
			shellScript = "\"${SRCROOT}/Pods/Target Support Files/Pods-TuringSafeDictionary_Tests/Pods-TuringSafeDictionary_Tests-frameworks.sh\"\n";
			showEnvVarsInLog = 0;
		};
		C45B45A221ECDAE6A2473BDE /* [CP] Check Pods Manifest.lock */ = {
			isa = PBXShellScriptBuildPhase;
			buildActionMask = 2147483647;
			files = (
			);
			inputFileListPaths = (
			);
			inputPaths = (
				"${PODS_PODFILE_DIR_PATH}/Podfile.lock",
				"${PODS_ROOT}/Manifest.lock",
			);
			name = "[CP] Check Pods Manifest.lock";
			outputFileListPaths = (
			);
			outputPaths = (
				"$(DERIVED_FILE_DIR)/Pods-TuringSafeDictionary_Tests-checkManifestLockResult.txt",
			);
			runOnlyForDeploymentPostprocessing = 0;
			shellPath = /bin/sh;
			shellScript = "diff \"${PODS_PODFILE_DIR_PATH}/Podfile.lock\" \"${PODS_ROOT}/Manifest.lock\" > /dev/null\nif [ $? != 0 ] ; then\n    # print error to STDERR\n    echo \"error: The sandbox is not in sync with the Podfile.lock. Run 'pod install' or update your CocoaPods installation.\" >&2\n    exit 1\nfi\n# This output is used by Xcode 'outputs' to avoid re-running this script phase.\necho \"SUCCESS\" > \"${SCRIPT_OUTPUT_FILE_0}\"\n";
			showEnvVarsInLog = 0;
		};
/* End PBXShellScriptBuildPhase section */

/* Begin PBXSourcesBuildPhase section */
		607FACCC1AFB9204008FA782 /* Sources */ = {
			isa = PBXSourcesBuildPhase;
			buildActionMask = 2147483647;
			files = (
				607FACD81AFB9204008FA782 /* ViewController.swift in Sources */,
				607FACD61AFB9204008FA782 /* AppDelegate.swift in Sources */,
			);
			runOnlyForDeploymentPostprocessing = 0;
		};
		607FACE11AFB9204008FA782 /* Sources */ = {
			isa = PBXSourcesBuildPhase;
			buildActionMask = 2147483647;
			files = (
				1DD30F68226638DC00DAA4A1 /* TestTuringSafeDictionaryFindingSpec.swift in Sources */,
				1DD30F5E226638DC00DAA4A1 /* TestTuringSafeDictionaryAccessingSpec.swift in Sources */,
				1DD30F62226638DC00DAA4A1 /* TestTuringSafeDictionaryTransformingSpec.swift in Sources */,
				1DD30F6A226638DC00DAA4A1 /* TestTuringSafeyDictionarySelectingSpec.swift in Sources */,
				1DD30F6D226638DC00DAA4A1 /* TestTuringSafeDictionaryAsyncSpec.swift in Sources */,
				1DD30F6F22675A6100DAA4A1 /* TestTuringSafeDictionaryExcludingSpec.swift in Sources */,
				1DD30F5D226638DC00DAA4A1 /* TestTuringSafeDictionaryComparingSpec.swift in Sources */,
				1DD30F65226638DC00DAA4A1 /* TestTuringSafeDictionaryManipulatingSpec.swift in Sources */,
				1DD30F64226638DC00DAA4A1 /* TestTuringSafeDictionaryRemovingSpec.swift in Sources */,
				1DD30F63226638DC00DAA4A1 /* TestTuringSafeDictionaryInitSpec.swift in Sources */,
				1DD30F67226638DC00DAA4A1 /* TestTuringSafeDictionaryInspectingSpec.swift in Sources */,
				1DD30F5F226638DC00DAA4A1 /* TestTuringSafeDictionaryHasherSpec.swift in Sources */,
				1DD30F6B226638DC00DAA4A1 /* TestTuringsafeDictionaryIteratingSpec.swift in Sources */,
				1DD30F60226638DC00DAA4A1 /* TestTuringSafeDictionaryReorderingSpec.swift in Sources */,
				1DD30F61226638DC00DAA4A1 /* TestTuringSafeDictionaryAddingSpec.swift in Sources */,
				1DD30F6C226638DC00DAA4A1 /* TestTuringSafeDictionaryCodableSpec.swift in Sources */,
			);
			runOnlyForDeploymentPostprocessing = 0;
		};
/* End PBXSourcesBuildPhase section */

/* Begin PBXTargetDependency section */
		607FACE71AFB9204008FA782 /* PBXTargetDependency */ = {
			isa = PBXTargetDependency;
			target = 607FACCF1AFB9204008FA782 /* TuringSafeDictionary_Example */;
			targetProxy = 607FACE61AFB9204008FA782 /* PBXContainerItemProxy */;
		};
/* End PBXTargetDependency section */

/* Begin PBXVariantGroup section */
		607FACD91AFB9204008FA782 /* Main.storyboard */ = {
			isa = PBXVariantGroup;
			children = (
				607FACDA1AFB9204008FA782 /* Base */,
			);
			name = Main.storyboard;
			sourceTree = "<group>";
		};
		607FACDE1AFB9204008FA782 /* LaunchScreen.xib */ = {
			isa = PBXVariantGroup;
			children = (
				607FACDF1AFB9204008FA782 /* Base */,
			);
			name = LaunchScreen.xib;
			sourceTree = "<group>";
		};
/* End PBXVariantGroup section */

/* Begin XCBuildConfiguration section */
		607FACED1AFB9204008FA782 /* Debug */ = {
			isa = XCBuildConfiguration;
			buildSettings = {
				ALWAYS_SEARCH_USER_PATHS = NO;
				CLANG_ANALYZER_LOCALIZABILITY_NONLOCALIZED = YES;
				CLANG_CXX_LANGUAGE_STANDARD = "gnu++0x";
				CLANG_CXX_LIBRARY = "libc++";
				CLANG_ENABLE_MODULES = YES;
				CLANG_ENABLE_OBJC_ARC = YES;
				CLANG_WARN_BLOCK_CAPTURE_AUTORELEASING = YES;
				CLANG_WARN_BOOL_CONVERSION = YES;
				CLANG_WARN_COMMA = YES;
				CLANG_WARN_CONSTANT_CONVERSION = YES;
				CLANG_WARN_DEPRECATED_OBJC_IMPLEMENTATIONS = YES;
				CLANG_WARN_DIRECT_OBJC_ISA_USAGE = YES_ERROR;
				CLANG_WARN_EMPTY_BODY = YES;
				CLANG_WARN_ENUM_CONVERSION = YES;
				CLANG_WARN_INFINITE_RECURSION = YES;
				CLANG_WARN_INT_CONVERSION = YES;
				CLANG_WARN_NON_LITERAL_NULL_CONVERSION = YES;
				CLANG_WARN_OBJC_IMPLICIT_RETAIN_SELF = YES;
				CLANG_WARN_OBJC_LITERAL_CONVERSION = YES;
				CLANG_WARN_OBJC_ROOT_CLASS = YES_ERROR;
				CLANG_WARN_RANGE_LOOP_ANALYSIS = YES;
				CLANG_WARN_STRICT_PROTOTYPES = YES;
				CLANG_WARN_SUSPICIOUS_MOVE = YES;
				CLANG_WARN_UNREACHABLE_CODE = YES;
				CLANG_WARN__DUPLICATE_METHOD_MATCH = YES;
				"CODE_SIGN_IDENTITY[sdk=iphoneos*]" = "iPhone Developer";
				COPY_PHASE_STRIP = NO;
				DEBUG_INFORMATION_FORMAT = "dwarf-with-dsym";
				ENABLE_STRICT_OBJC_MSGSEND = YES;
				ENABLE_TESTABILITY = YES;
				GCC_C_LANGUAGE_STANDARD = gnu99;
				GCC_DYNAMIC_NO_PIC = NO;
				GCC_NO_COMMON_BLOCKS = YES;
				GCC_OPTIMIZATION_LEVEL = 0;
				GCC_PREPROCESSOR_DEFINITIONS = (
					"DEBUG=1",
					"$(inherited)",
				);
				GCC_SYMBOLS_PRIVATE_EXTERN = NO;
				GCC_WARN_64_TO_32_BIT_CONVERSION = YES;
				GCC_WARN_ABOUT_RETURN_TYPE = YES_ERROR;
				GCC_WARN_UNDECLARED_SELECTOR = YES;
				GCC_WARN_UNINITIALIZED_AUTOS = YES_AGGRESSIVE;
				GCC_WARN_UNUSED_FUNCTION = YES;
				GCC_WARN_UNUSED_VARIABLE = YES;
				IPHONEOS_DEPLOYMENT_TARGET = 9.3;
				MTL_ENABLE_DEBUG_INFO = YES;
				ONLY_ACTIVE_ARCH = YES;
				SDKROOT = iphoneos;
				SWIFT_OPTIMIZATION_LEVEL = "-Onone";
				SWIFT_VERSION = 5.0;
			};
			name = Debug;
		};
		607FACEE1AFB9204008FA782 /* Release */ = {
			isa = XCBuildConfiguration;
			buildSettings = {
				ALWAYS_SEARCH_USER_PATHS = NO;
				CLANG_ANALYZER_LOCALIZABILITY_NONLOCALIZED = YES;
				CLANG_CXX_LANGUAGE_STANDARD = "gnu++0x";
				CLANG_CXX_LIBRARY = "libc++";
				CLANG_ENABLE_MODULES = YES;
				CLANG_ENABLE_OBJC_ARC = YES;
				CLANG_WARN_BLOCK_CAPTURE_AUTORELEASING = YES;
				CLANG_WARN_BOOL_CONVERSION = YES;
				CLANG_WARN_COMMA = YES;
				CLANG_WARN_CONSTANT_CONVERSION = YES;
				CLANG_WARN_DEPRECATED_OBJC_IMPLEMENTATIONS = YES;
				CLANG_WARN_DIRECT_OBJC_ISA_USAGE = YES_ERROR;
				CLANG_WARN_EMPTY_BODY = YES;
				CLANG_WARN_ENUM_CONVERSION = YES;
				CLANG_WARN_INFINITE_RECURSION = YES;
				CLANG_WARN_INT_CONVERSION = YES;
				CLANG_WARN_NON_LITERAL_NULL_CONVERSION = YES;
				CLANG_WARN_OBJC_IMPLICIT_RETAIN_SELF = YES;
				CLANG_WARN_OBJC_LITERAL_CONVERSION = YES;
				CLANG_WARN_OBJC_ROOT_CLASS = YES_ERROR;
				CLANG_WARN_RANGE_LOOP_ANALYSIS = YES;
				CLANG_WARN_STRICT_PROTOTYPES = YES;
				CLANG_WARN_SUSPICIOUS_MOVE = YES;
				CLANG_WARN_UNREACHABLE_CODE = YES;
				CLANG_WARN__DUPLICATE_METHOD_MATCH = YES;
				"CODE_SIGN_IDENTITY[sdk=iphoneos*]" = "iPhone Developer";
				COPY_PHASE_STRIP = NO;
				DEBUG_INFORMATION_FORMAT = "dwarf-with-dsym";
				ENABLE_NS_ASSERTIONS = NO;
				ENABLE_STRICT_OBJC_MSGSEND = YES;
				GCC_C_LANGUAGE_STANDARD = gnu99;
				GCC_NO_COMMON_BLOCKS = YES;
				GCC_WARN_64_TO_32_BIT_CONVERSION = YES;
				GCC_WARN_ABOUT_RETURN_TYPE = YES_ERROR;
				GCC_WARN_UNDECLARED_SELECTOR = YES;
				GCC_WARN_UNINITIALIZED_AUTOS = YES_AGGRESSIVE;
				GCC_WARN_UNUSED_FUNCTION = YES;
				GCC_WARN_UNUSED_VARIABLE = YES;
				IPHONEOS_DEPLOYMENT_TARGET = 9.3;
				MTL_ENABLE_DEBUG_INFO = NO;
				SDKROOT = iphoneos;
				SWIFT_OPTIMIZATION_LEVEL = "-Owholemodule";
				SWIFT_VERSION = 5.0;
				VALIDATE_PRODUCT = YES;
			};
			name = Release;
		};
		607FACF01AFB9204008FA782 /* Debug */ = {
			isa = XCBuildConfiguration;
			baseConfigurationReference = B199F8FD67A366F0A345A141 /* Pods-TuringSafeDictionary_Example.debug.xcconfig */;
			buildSettings = {
				ASSETCATALOG_COMPILER_APPICON_NAME = AppIcon;
				DEVELOPMENT_TEAM = 7S572U2C68;
				INFOPLIST_FILE = TuringSafe/Info.plist;
				LD_RUNPATH_SEARCH_PATHS = "$(inherited) @executable_path/Frameworks";
				MODULE_NAME = ExampleApp;
				PRODUCT_BUNDLE_IDENTIFIER = "org.cocoapods.demo.$(PRODUCT_NAME:rfc1034identifier)";
				PRODUCT_NAME = "$(TARGET_NAME)";
				SWIFT_SWIFT3_OBJC_INFERENCE = Default;
				SWIFT_VERSION = 5.0;
			};
			name = Debug;
		};
		607FACF11AFB9204008FA782 /* Release */ = {
			isa = XCBuildConfiguration;
			baseConfigurationReference = D65FD12C014731448AD29D51 /* Pods-TuringSafeDictionary_Example.release.xcconfig */;
			buildSettings = {
				ASSETCATALOG_COMPILER_APPICON_NAME = AppIcon;
				DEVELOPMENT_TEAM = 7S572U2C68;
				INFOPLIST_FILE = TuringSafe/Info.plist;
				LD_RUNPATH_SEARCH_PATHS = "$(inherited) @executable_path/Frameworks";
				MODULE_NAME = ExampleApp;
				PRODUCT_BUNDLE_IDENTIFIER = "org.cocoapods.demo.$(PRODUCT_NAME:rfc1034identifier)";
				PRODUCT_NAME = "$(TARGET_NAME)";
				SWIFT_SWIFT3_OBJC_INFERENCE = Default;
				SWIFT_VERSION = 5.0;
			};
			name = Release;
		};
		607FACF31AFB9204008FA782 /* Debug */ = {
			isa = XCBuildConfiguration;
			baseConfigurationReference = 63D166D1C23ECFD82DC064D0 /* Pods-TuringSafeDictionary_Tests.debug.xcconfig */;
			buildSettings = {
				DEVELOPMENT_TEAM = 7S572U2C68;
				FRAMEWORK_SEARCH_PATHS = (
					"$(SDKROOT)/Developer/Library/Frameworks",
					"$(inherited)",
				);
				GCC_PREPROCESSOR_DEFINITIONS = (
					"DEBUG=1",
					"$(inherited)",
				);
				INFOPLIST_FILE = Tests/Info.plist;
				LD_RUNPATH_SEARCH_PATHS = "$(inherited) @executable_path/Frameworks @loader_path/Frameworks";
				PRODUCT_BUNDLE_IDENTIFIER = "org.cocoapods.$(PRODUCT_NAME:rfc1034identifier)";
				PRODUCT_NAME = "$(TARGET_NAME)";
				SWIFT_SWIFT3_OBJC_INFERENCE = Default;
				SWIFT_VERSION = 5.0;
				TEST_HOST = "$(BUILT_PRODUCTS_DIR)/TuringSafeDictionary_Example.app/TuringSafeDictionary_Example";
			};
			name = Debug;
		};
		607FACF41AFB9204008FA782 /* Release */ = {
			isa = XCBuildConfiguration;
			baseConfigurationReference = 20B049322D1B498672273A0D /* Pods-TuringSafeDictionary_Tests.release.xcconfig */;
			buildSettings = {
				DEVELOPMENT_TEAM = 7S572U2C68;
				FRAMEWORK_SEARCH_PATHS = (
					"$(SDKROOT)/Developer/Library/Frameworks",
					"$(inherited)",
				);
				INFOPLIST_FILE = Tests/Info.plist;
				LD_RUNPATH_SEARCH_PATHS = "$(inherited) @executable_path/Frameworks @loader_path/Frameworks";
				PRODUCT_BUNDLE_IDENTIFIER = "org.cocoapods.$(PRODUCT_NAME:rfc1034identifier)";
				PRODUCT_NAME = "$(TARGET_NAME)";
				SWIFT_SWIFT3_OBJC_INFERENCE = Default;
				SWIFT_VERSION = 5.0;
				TEST_HOST = "$(BUILT_PRODUCTS_DIR)/TuringSafeDictionary_Example.app/TuringSafeDictionary_Example";
			};
			name = Release;
		};
/* End XCBuildConfiguration section */

/* Begin XCConfigurationList section */
		607FACCB1AFB9204008FA782 /* Build configuration list for PBXProject "TuringSafeDictionary" */ = {
			isa = XCConfigurationList;
			buildConfigurations = (
				607FACED1AFB9204008FA782 /* Debug */,
				607FACEE1AFB9204008FA782 /* Release */,
			);
			defaultConfigurationIsVisible = 0;
			defaultConfigurationName = Release;
		};
		607FACEF1AFB9204008FA782 /* Build configuration list for PBXNativeTarget "TuringSafeDictionary_Example" */ = {
			isa = XCConfigurationList;
			buildConfigurations = (
				607FACF01AFB9204008FA782 /* Debug */,
				607FACF11AFB9204008FA782 /* Release */,
			);
			defaultConfigurationIsVisible = 0;
			defaultConfigurationName = Release;
		};
		607FACF21AFB9204008FA782 /* Build configuration list for PBXNativeTarget "TuringSafeDictionary_Tests" */ = {
			isa = XCConfigurationList;
			buildConfigurations = (
				607FACF31AFB9204008FA782 /* Debug */,
				607FACF41AFB9204008FA782 /* Release */,
			);
			defaultConfigurationIsVisible = 0;
			defaultConfigurationName = Release;
		};
/* End XCConfigurationList section */
	};
	rootObject = 607FACC81AFB9204008FA782 /* Project object */;
}
