// !$*UTF8*$!
{
	archiveVersion = 1;
	classes = {
	};
	objectVersion = 46;
	objects = {

/* Begin PBXBuildFile section */
		1CB509572BCDA6D683D60109BE137A17 /* ViewController.swift in Sources */ = {isa = PBXBuildFile; fileRef = 485E6EFD15AD963A7E1973137478C7EF /* ViewController.swift */; };
		1D7EC428225F85330058C258 /* TuringError.podspec in Resources */ = {isa = PBXBuildFile; fileRef = 1D7EC427225F85330058C258 /* TuringError.podspec */; };
		351A9676F3172201FA852593136D82C0 /* AppDelegate.swift in Sources */ = {isa = PBXBuildFile; fileRef = F52C6C1588767EF1A56A9E0BBBAAE76C /* AppDelegate.swift */; };
		5AB7A3C614FBB96CC5F515D197D4406C /* Pods_TuringErrorImplementation_Example.framework in Frameworks */ = {isa = PBXBuildFile; fileRef = 0A3C75997A6D5089330901D9318C746C /* Pods_TuringErrorImplementation_Example.framework */; };
		6ADA7776E2D8A76A803E030B2EEFECB4 /* TestErrorCode.swift in Sources */ = {isa = PBXBuildFile; fileRef = 6FCEA52FE28D8A612F38FD75D9AC9259 /* TestErrorCode.swift */; };
		77487F039DEF5FA850C102533C17C999 /* LaunchScreen.xib in Resources */ = {isa = PBXBuildFile; fileRef = D4AAA8A13E9F1CDA848EEE68909ABB61 /* LaunchScreen.xib */; };
		D34CF20E52FCA090DDE58A1F738615EB /* Images.xcassets in Resources */ = {isa = PBXBuildFile; fileRef = BC6F80EC575A745897EC663017246E1A /* Images.xcassets */; };
		E3DC2CCFF6488BB9780A8D3E8C6ED594 /* Pods_TuringErrorImplementation_Tests.framework in Frameworks */ = {isa = PBXBuildFile; fileRef = AE6A1D1B2B37FB05830789C7FC8406B6 /* Pods_TuringErrorImplementation_Tests.framework */; };
		E8056AE72E372B1E2673ADC0C356D914 /* Main.storyboard in Resources */ = {isa = PBXBuildFile; fileRef = 8A4D1DF5C1B6D266E3E3C9E59FD5E2F1 /* Main.storyboard */; };
/* End PBXBuildFile section */

/* Begin PBXContainerItemProxy section */
		87321013D1591267FBF5B3D6919BF299 /* PBXContainerItemProxy */ = {
			isa = PBXContainerItemProxy;
			containerPortal = AD9F99783381865B6FC9154126AD0BD7 /* Project object */;
			proxyType = 1;
			remoteGlobalIDString = F923050C89929BF93A0ECEA681BE1E93;
			remoteInfo = TuringErrorImplementation;
		};
/* End PBXContainerItemProxy section */

/* Begin PBXFileReference section */
		0A3C75997A6D5089330901D9318C746C /* Pods_TuringErrorImplementation_Example.framework */ = {isa = PBXFileReference; explicitFileType = wrapper.framework; includeInIndex = 0; path = Pods_TuringErrorImplementation_Example.framework; sourceTree = BUILT_PRODUCTS_DIR; };
		0AD73353E748770E2E3742A2BF1B8839 /* LICENSE */ = {isa = PBXFileReference; includeInIndex = 1; lastKnownFileType = text; name = LICENSE; path = ../LICENSE; sourceTree = "<group>"; };
		1D7EC427225F85330058C258 /* TuringError.podspec */ = {isa = PBXFileReference; fileEncoding = 4; lastKnownFileType = text; name = TuringError.podspec; path = ../../../TuringError.podspec; sourceTree = "<group>"; };
		1E952D42781E118EEB283AE185DB7829 /* TuringError_Example.app */ = {isa = PBXFileReference; explicitFileType = wrapper.application; includeInIndex = 0; path = TuringError_Example.app; sourceTree = BUILT_PRODUCTS_DIR; };
		2228DBD3B3EBFD246AFBD22729652BF2 /* Pods-TuringErrorImplementation_Example.debug.xcconfig */ = {isa = PBXFileReference; includeInIndex = 1; lastKnownFileType = text.xcconfig; name = "Pods-TuringErrorImplementation_Example.debug.xcconfig"; path = "Pods/Target Support Files/Pods-TuringErrorImplementation_Example/Pods-TuringErrorImplementation_Example.debug.xcconfig"; sourceTree = "<group>"; };
		230FBDBC30C1103364152BA624DFC0B6 /* Base */ = {isa = PBXFileReference; lastKnownFileType = file.storyboard; name = Base; path = Base.lproj/Main.storyboard; sourceTree = "<group>"; };
		485E6EFD15AD963A7E1973137478C7EF /* ViewController.swift */ = {isa = PBXFileReference; lastKnownFileType = sourcecode.swift; path = ViewController.swift; sourceTree = "<group>"; };
		4F796353441C583926CB0CC314005623 /* Base */ = {isa = PBXFileReference; lastKnownFileType = file.xib; name = Base; path = Base.lproj/LaunchScreen.xib; sourceTree = "<group>"; };
		5F43A111B5B16BA9220BC139AF38EDCF /* Pods-TuringErrorImplementation_Tests.release.xcconfig */ = {isa = PBXFileReference; includeInIndex = 1; lastKnownFileType = text.xcconfig; name = "Pods-TuringErrorImplementation_Tests.release.xcconfig"; path = "Pods/Target Support Files/Pods-TuringErrorImplementation_Tests/Pods-TuringErrorImplementation_Tests.release.xcconfig"; sourceTree = "<group>"; };
		6FCEA52FE28D8A612F38FD75D9AC9259 /* TestErrorCode.swift */ = {isa = PBXFileReference; lastKnownFileType = sourcecode.swift; path = TestErrorCode.swift; sourceTree = "<group>"; };
		8812C1EFCEDFCFA18501E1D48CE2E8F0 /* TuringError_Tests.xctest */ = {isa = PBXFileReference; explicitFileType = wrapper.cfbundle; includeInIndex = 0; path = TuringError_Tests.xctest; sourceTree = BUILT_PRODUCTS_DIR; };
		A471A38F7BA7AF4002DEB84A947B118B /* Pods-TuringErrorImplementation_Tests.debug.xcconfig */ = {isa = PBXFileReference; includeInIndex = 1; lastKnownFileType = text.xcconfig; name = "Pods-TuringErrorImplementation_Tests.debug.xcconfig"; path = "Pods/Target Support Files/Pods-TuringErrorImplementation_Tests/Pods-TuringErrorImplementation_Tests.debug.xcconfig"; sourceTree = "<group>"; };
		AE6A1D1B2B37FB05830789C7FC8406B6 /* Pods_TuringErrorImplementation_Tests.framework */ = {isa = PBXFileReference; explicitFileType = wrapper.framework; includeInIndex = 0; path = Pods_TuringErrorImplementation_Tests.framework; sourceTree = BUILT_PRODUCTS_DIR; };
		BC6F80EC575A745897EC663017246E1A /* Images.xcassets */ = {isa = PBXFileReference; lastKnownFileType = folder.assetcatalog; path = Images.xcassets; sourceTree = "<group>"; };
		C33F127B5E17810A4675DA5F1BE211BB /* Info.plist */ = {isa = PBXFileReference; lastKnownFileType = text.plist.xml; path = Info.plist; sourceTree = "<group>"; };
		C8A4B9E244A510D6E027471AD25A61AA /* README.md */ = {isa = PBXFileReference; includeInIndex = 1; lastKnownFileType = net.daringfireball.markdown; name = README.md; path = ../README.md; sourceTree = "<group>"; };
		CE58BE673D210E1815B7BA55E5E7E6C6 /* Info.plist */ = {isa = PBXFileReference; lastKnownFileType = text.plist.xml; path = Info.plist; sourceTree = "<group>"; };
		F52C6C1588767EF1A56A9E0BBBAAE76C /* AppDelegate.swift */ = {isa = PBXFileReference; lastKnownFileType = sourcecode.swift; path = AppDelegate.swift; sourceTree = "<group>"; };
		F6A0BE219BD35DAEF8B22D0438825DDD /* Pods-TuringErrorImplementation_Example.release.xcconfig */ = {isa = PBXFileReference; includeInIndex = 1; lastKnownFileType = text.xcconfig; name = "Pods-TuringErrorImplementation_Example.release.xcconfig"; path = "Pods/Target Support Files/Pods-TuringErrorImplementation_Example/Pods-TuringErrorImplementation_Example.release.xcconfig"; sourceTree = "<group>"; };
/* End PBXFileReference section */

/* Begin PBXFrameworksBuildPhase section */
		3BDDB4DFE394FCDB0EE3FCB5B20ED493 /* Frameworks */ = {
			isa = PBXFrameworksBuildPhase;
			buildActionMask = 2147483647;
			files = (
				E3DC2CCFF6488BB9780A8D3E8C6ED594 /* Pods_TuringErrorImplementation_Tests.framework in Frameworks */,
			);
			runOnlyForDeploymentPostprocessing = 0;
		};
		A0F1A144C66D84B6F2C920E4AD1D5D88 /* Frameworks */ = {
			isa = PBXFrameworksBuildPhase;
			buildActionMask = 2147483647;
			files = (
				5AB7A3C614FBB96CC5F515D197D4406C /* Pods_TuringErrorImplementation_Example.framework in Frameworks */,
			);
			runOnlyForDeploymentPostprocessing = 0;
		};
/* End PBXFrameworksBuildPhase section */

/* Begin PBXGroup section */
		5BD1ED775D8F3979D4B0A5CAE2EEF207 /* Podspec Metadata */ = {
			isa = PBXGroup;
			children = (
				1D7EC427225F85330058C258 /* TuringError.podspec */,
				0AD73353E748770E2E3742A2BF1B8839 /* LICENSE */,
				C8A4B9E244A510D6E027471AD25A61AA /* README.md */,
			);
			name = "Podspec Metadata";
			sourceTree = "<group>";
		};
		771BB782176FC0C8705D9BE2E261379E /* Supporting Files */ = {
			isa = PBXGroup;
			children = (
				C33F127B5E17810A4675DA5F1BE211BB /* Info.plist */,
			);
			name = "Supporting Files";
			sourceTree = "<group>";
		};
		874C6F40A4BD50C37562AAF5189BBCA7 /* Supporting Files */ = {
			isa = PBXGroup;
			children = (
				CE58BE673D210E1815B7BA55E5E7E6C6 /* Info.plist */,
			);
			name = "Supporting Files";
			sourceTree = "<group>";
		};
		8FC8445205D9BFD3A3886466B87F5193 /* Frameworks */ = {
			isa = PBXGroup;
			children = (
				0A3C75997A6D5089330901D9318C746C /* Pods_TuringErrorImplementation_Example.framework */,
				AE6A1D1B2B37FB05830789C7FC8406B6 /* Pods_TuringErrorImplementation_Tests.framework */,
			);
			name = Frameworks;
			sourceTree = "<group>";
		};
		ABE13021023B012AF0A42739586F3E3A /* Products */ = {
			isa = PBXGroup;
			children = (
				1E952D42781E118EEB283AE185DB7829 /* TuringError_Example.app */,
				8812C1EFCEDFCFA18501E1D48CE2E8F0 /* TuringError_Tests.xctest */,
			);
			name = Products;
			sourceTree = "<group>";
		};
		BFAE25A216D77A52AF06F6A662203C21 /* Tests */ = {
			isa = PBXGroup;
			children = (
				874C6F40A4BD50C37562AAF5189BBCA7 /* Supporting Files */,
				6FCEA52FE28D8A612F38FD75D9AC9259 /* TestErrorCode.swift */,
			);
			path = Tests;
			sourceTree = "<group>";
		};
		BFC7F3BBEE2DC728B37DFB923FA9AC41 = {
			isa = PBXGroup;
			children = (
				E15F2F38FCA297E4A164589E70773483 /* Example for TuringError */,
				8FC8445205D9BFD3A3886466B87F5193 /* Frameworks */,
				C32321E7D0481D8BDB013369B0437E7F /* Pods */,
				5BD1ED775D8F3979D4B0A5CAE2EEF207 /* Podspec Metadata */,
				ABE13021023B012AF0A42739586F3E3A /* Products */,
				BFAE25A216D77A52AF06F6A662203C21 /* Tests */,
			);
			sourceTree = "<group>";
		};
		C32321E7D0481D8BDB013369B0437E7F /* Pods */ = {
			isa = PBXGroup;
			children = (
				2228DBD3B3EBFD246AFBD22729652BF2 /* Pods-TuringErrorImplementation_Example.debug.xcconfig */,
				F6A0BE219BD35DAEF8B22D0438825DDD /* Pods-TuringErrorImplementation_Example.release.xcconfig */,
				A471A38F7BA7AF4002DEB84A947B118B /* Pods-TuringErrorImplementation_Tests.debug.xcconfig */,
				5F43A111B5B16BA9220BC139AF38EDCF /* Pods-TuringErrorImplementation_Tests.release.xcconfig */,
			);
			name = Pods;
			sourceTree = "<group>";
		};
		E15F2F38FCA297E4A164589E70773483 /* Example for TuringError */ = {
			isa = PBXGroup;
			children = (
				771BB782176FC0C8705D9BE2E261379E /* Supporting Files */,
				F52C6C1588767EF1A56A9E0BBBAAE76C /* AppDelegate.swift */,
				BC6F80EC575A745897EC663017246E1A /* Images.xcassets */,
				D4AAA8A13E9F1CDA848EEE68909ABB61 /* LaunchScreen.xib */,
				8A4D1DF5C1B6D266E3E3C9E59FD5E2F1 /* Main.storyboard */,
				485E6EFD15AD963A7E1973137478C7EF /* ViewController.swift */,
			);
			name = "Example for TuringError";
			path = TuringErrorImplementation;
			sourceTree = "<group>";
		};
/* End PBXGroup section */

/* Begin PBXNativeTarget section */
		402AE7D3D92D65CF0EFB407B6E208BF5 /* TuringError_Tests */ = {
			isa = PBXNativeTarget;
			buildConfigurationList = 1D0C7E0A8AF44C9B8F06BD553945AB2C /* Build configuration list for PBXNativeTarget "TuringError_Tests" */;
			buildPhases = (
				160A69E7206F12B0C2DE621F3867A631 /* [CP] Check Pods Manifest.lock */,
				901F430755CA3858653BEE8693057B38 /* Sources */,
				3BDDB4DFE394FCDB0EE3FCB5B20ED493 /* Frameworks */,
				FDBAC4C87D247A3410D7F27090211185 /* Resources */,
				3093D3ACB024C1212E5961A4210EA611 /* [CP] Embed Pods Frameworks */,
			);
			buildRules = (
			);
			dependencies = (
				E80C28A2D04FA03B35D1B834BCEE7382 /* PBXTargetDependency */,
			);
			name = TuringError_Tests;
			productName = Tests;
			productReference = 8812C1EFCEDFCFA18501E1D48CE2E8F0 /* TuringError_Tests.xctest */;
			productType = "com.apple.product-type.bundle.unit-test";
		};
		F923050C89929BF93A0ECEA681BE1E93 /* TuringError_Example */ = {
			isa = PBXNativeTarget;
			buildConfigurationList = 2C94A36C4999AE2A4DB8746D61B39911 /* Build configuration list for PBXNativeTarget "TuringError_Example" */;
			buildPhases = (
				224CD139E08DEC76D51363A874F4EBF6 /* [CP] Check Pods Manifest.lock */,
				42A7BECC8620B12BC8E1205C7B5C1EA2 /* Sources */,
				A0F1A144C66D84B6F2C920E4AD1D5D88 /* Frameworks */,
				4D3940852BE02EEF42491DB4EDEA545C /* Resources */,
				3E8F5E072BF761D935C5F33AFE6C8C35 /* [CP] Embed Pods Frameworks */,
			);
			buildRules = (
			);
			dependencies = (
			);
			name = TuringError_Example;
			productName = TuringErrorImplementation;
			productReference = 1E952D42781E118EEB283AE185DB7829 /* TuringError_Example.app */;
			productType = "com.apple.product-type.application";
		};
/* End PBXNativeTarget section */

/* Begin PBXProject section */
		AD9F99783381865B6FC9154126AD0BD7 /* Project object */ = {
			isa = PBXProject;
			attributes = {
				LastSwiftUpdateCheck = 0830;
				LastUpgradeCheck = 1020;
				ORGANIZATIONNAME = CocoaPods;
				TargetAttributes = {
					402AE7D3D92D65CF0EFB407B6E208BF5 = {
						CreatedOnToolsVersion = 6.3.1;
						DevelopmentTeam = 7S572U2C68;
						LastSwiftMigration = 0900;
						TestTargetID = F923050C89929BF93A0ECEA681BE1E93;
					};
					F923050C89929BF93A0ECEA681BE1E93 = {
						CreatedOnToolsVersion = 6.3.1;
						DevelopmentTeam = 7S572U2C68;
						LastSwiftMigration = 0900;
					};
				};
			};
			buildConfigurationList = D754A67F604B893378DBCE383C87AB9C /* Build configuration list for PBXProject "TuringError" */;
			compatibilityVersion = "Xcode 3.2";
			developmentRegion = en;
			hasScannedForEncodings = 0;
			knownRegions = (
				en,
				Base,
			);
			mainGroup = BFC7F3BBEE2DC728B37DFB923FA9AC41;
			productRefGroup = ABE13021023B012AF0A42739586F3E3A /* Products */;
			projectDirPath = "";
			projectRoot = "";
			targets = (
				F923050C89929BF93A0ECEA681BE1E93 /* TuringError_Example */,
				402AE7D3D92D65CF0EFB407B6E208BF5 /* TuringError_Tests */,
			);
		};
/* End PBXProject section */

/* Begin PBXResourcesBuildPhase section */
		4D3940852BE02EEF42491DB4EDEA545C /* Resources */ = {
			isa = PBXResourcesBuildPhase;
			buildActionMask = 2147483647;
			files = (
				D34CF20E52FCA090DDE58A1F738615EB /* Images.xcassets in Resources */,
				77487F039DEF5FA850C102533C17C999 /* LaunchScreen.xib in Resources */,
				1D7EC428225F85330058C258 /* TuringError.podspec in Resources */,
				E8056AE72E372B1E2673ADC0C356D914 /* Main.storyboard in Resources */,
			);
			runOnlyForDeploymentPostprocessing = 0;
		};
		FDBAC4C87D247A3410D7F27090211185 /* Resources */ = {
			isa = PBXResourcesBuildPhase;
			buildActionMask = 2147483647;
			files = (
			);
			runOnlyForDeploymentPostprocessing = 0;
		};
/* End PBXResourcesBuildPhase section */

/* Begin PBXShellScriptBuildPhase section */
		160A69E7206F12B0C2DE621F3867A631 /* [CP] Check Pods Manifest.lock */ = {
			isa = PBXShellScriptBuildPhase;
			buildActionMask = 2147483647;
			files = (
			);
			inputFileListPaths = (
			);
			inputPaths = (
				"${PODS_PODFILE_DIR_PATH}/Podfile.lock",
				"${PODS_ROOT}/Manifest.lock",
			);
			name = "[CP] Check Pods Manifest.lock";
			outputFileListPaths = (
			);
			outputPaths = (
				"$(DERIVED_FILE_DIR)/Pods-TuringErrorImplementation_Tests-checkManifestLockResult.txt",
			);
			runOnlyForDeploymentPostprocessing = 0;
			shellPath = /bin/sh;
			shellScript = "diff \"${PODS_PODFILE_DIR_PATH}/Podfile.lock\" \"${PODS_ROOT}/Manifest.lock\" > /dev/null\nif [ $? != 0 ] ; then\n    # print error to STDERR\n    echo \"error: The sandbox is not in sync with the Podfile.lock. Run 'pod install' or update your CocoaPods installation.\" >&2\n    exit 1\nfi\n# This output is used by Xcode 'outputs' to avoid re-running this script phase.\necho \"SUCCESS\" > \"${SCRIPT_OUTPUT_FILE_0}\"\n";
			showEnvVarsInLog = 0;
		};
		224CD139E08DEC76D51363A874F4EBF6 /* [CP] Check Pods Manifest.lock */ = {
			isa = PBXShellScriptBuildPhase;
			buildActionMask = 2147483647;
			files = (
			);
			inputFileListPaths = (
			);
			inputPaths = (
				"${PODS_PODFILE_DIR_PATH}/Podfile.lock",
				"${PODS_ROOT}/Manifest.lock",
			);
			name = "[CP] Check Pods Manifest.lock";
			outputFileListPaths = (
			);
			outputPaths = (
				"$(DERIVED_FILE_DIR)/Pods-TuringErrorImplementation_Example-checkManifestLockResult.txt",
			);
			runOnlyForDeploymentPostprocessing = 0;
			shellPath = /bin/sh;
			shellScript = "diff \"${PODS_PODFILE_DIR_PATH}/Podfile.lock\" \"${PODS_ROOT}/Manifest.lock\" > /dev/null\nif [ $? != 0 ] ; then\n    # print error to STDERR\n    echo \"error: The sandbox is not in sync with the Podfile.lock. Run 'pod install' or update your CocoaPods installation.\" >&2\n    exit 1\nfi\n# This output is used by Xcode 'outputs' to avoid re-running this script phase.\necho \"SUCCESS\" > \"${SCRIPT_OUTPUT_FILE_0}\"\n";
			showEnvVarsInLog = 0;
		};
		3093D3ACB024C1212E5961A4210EA611 /* [CP] Embed Pods Frameworks */ = {
			isa = PBXShellScriptBuildPhase;
			buildActionMask = 2147483647;
			files = (
			);
			inputFileListPaths = (
			);
			inputPaths = (
				"${SRCROOT}/Pods/Target Support Files/Pods-TuringErrorImplementation_Tests/Pods-TuringErrorImplementation_Tests-frameworks.sh",
				"${BUILT_PRODUCTS_DIR}/Nimble/Nimble.framework",
				"${BUILT_PRODUCTS_DIR}/Quick/Quick.framework",
			);
			name = "[CP] Embed Pods Frameworks";
			outputFileListPaths = (
			);
			outputPaths = (
				"${TARGET_BUILD_DIR}/${FRAMEWORKS_FOLDER_PATH}/Nimble.framework",
				"${TARGET_BUILD_DIR}/${FRAMEWORKS_FOLDER_PATH}/Quick.framework",
			);
			runOnlyForDeploymentPostprocessing = 0;
			shellPath = /bin/sh;
			shellScript = "\"${SRCROOT}/Pods/Target Support Files/Pods-TuringErrorImplementation_Tests/Pods-TuringErrorImplementation_Tests-frameworks.sh\"\n";
			showEnvVarsInLog = 0;
		};
		3E8F5E072BF761D935C5F33AFE6C8C35 /* [CP] Embed Pods Frameworks */ = {
			isa = PBXShellScriptBuildPhase;
			buildActionMask = 2147483647;
			files = (
			);
			inputFileListPaths = (
			);
			inputPaths = (
				"${SRCROOT}/Pods/Target Support Files/Pods-TuringErrorImplementation_Example/Pods-TuringErrorImplementation_Example-frameworks.sh",
				"${BUILT_PRODUCTS_DIR}/TuringErrorImplementation/TuringErrorImplementation.framework",
				"${BUILT_PRODUCTS_DIR}/TuringErrorInterface/TuringErrorInterface.framework",
			);
			name = "[CP] Embed Pods Frameworks";
			outputFileListPaths = (
			);
			outputPaths = (
				"${TARGET_BUILD_DIR}/${FRAMEWORKS_FOLDER_PATH}/TuringErrorImplementation.framework",
				"${TARGET_BUILD_DIR}/${FRAMEWORKS_FOLDER_PATH}/TuringErrorInterface.framework",
			);
			runOnlyForDeploymentPostprocessing = 0;
			shellPath = /bin/sh;
			shellScript = "\"${SRCROOT}/Pods/Target Support Files/Pods-TuringErrorImplementation_Example/Pods-TuringErrorImplementation_Example-frameworks.sh\"\n";
			showEnvVarsInLog = 0;
		};
/* End PBXShellScriptBuildPhase section */

/* Begin PBXSourcesBuildPhase section */
		42A7BECC8620B12BC8E1205C7B5C1EA2 /* Sources */ = {
			isa = PBXSourcesBuildPhase;
			buildActionMask = 2147483647;
			files = (
				351A9676F3172201FA852593136D82C0 /* AppDelegate.swift in Sources */,
				1CB509572BCDA6D683D60109BE137A17 /* ViewController.swift in Sources */,
			);
			runOnlyForDeploymentPostprocessing = 0;
		};
		901F430755CA3858653BEE8693057B38 /* Sources */ = {
			isa = PBXSourcesBuildPhase;
			buildActionMask = 2147483647;
			files = (
				6ADA7776E2D8A76A803E030B2EEFECB4 /* TestErrorCode.swift in Sources */,
			);
			runOnlyForDeploymentPostprocessing = 0;
		};
/* End PBXSourcesBuildPhase section */

/* Begin PBXTargetDependency section */
		E80C28A2D04FA03B35D1B834BCEE7382 /* PBXTargetDependency */ = {
			isa = PBXTargetDependency;
			target = F923050C89929BF93A0ECEA681BE1E93 /* TuringError_Example */;
			targetProxy = 87321013D1591267FBF5B3D6919BF299 /* PBXContainerItemProxy */;
		};
/* End PBXTargetDependency section */

/* Begin PBXVariantGroup section */
		8A4D1DF5C1B6D266E3E3C9E59FD5E2F1 /* Main.storyboard */ = {
			isa = PBXVariantGroup;
			children = (
				230FBDBC30C1103364152BA624DFC0B6 /* Base */,
			);
			name = Main.storyboard;
			sourceTree = "<group>";
		};
		D4AAA8A13E9F1CDA848EEE68909ABB61 /* LaunchScreen.xib */ = {
			isa = PBXVariantGroup;
			children = (
				4F796353441C583926CB0CC314005623 /* Base */,
			);
			name = LaunchScreen.xib;
			sourceTree = "<group>";
		};
/* End PBXVariantGroup section */

/* Begin XCBuildConfiguration section */
		1F976DD7A21C06AA431E76C2834E1C2A /* Debug */ = {
			isa = XCBuildConfiguration;
			baseConfigurationReference = A471A38F7BA7AF4002DEB84A947B118B /* Pods-TuringErrorImplementation_Tests.debug.xcconfig */;
			buildSettings = {
				DEVELOPMENT_TEAM = 7S572U2C68;
				FRAMEWORK_SEARCH_PATHS = (
					"$(SDKROOT)/Developer/Library/Frameworks",
					"$(inherited)",
				);
				GCC_PREPROCESSOR_DEFINITIONS = (
					"DEBUG=1",
					"$(inherited)",
				);
				INFOPLIST_FILE = Tests/Info.plist;
				LD_RUNPATH_SEARCH_PATHS = "$(inherited) @executable_path/Frameworks @loader_path/Frameworks";
				PRODUCT_BUNDLE_IDENTIFIER = "org.cocoapods.$(PRODUCT_NAME:rfc1034identifier)";
				PRODUCT_NAME = "$(TARGET_NAME)";
				SWIFT_SWIFT3_OBJC_INFERENCE = Default;
				SWIFT_VERSION = 5.0;
				TEST_HOST = "$(BUILT_PRODUCTS_DIR)/TuringError_Example.app/TuringError_Example";
			};
			name = Debug;
		};
		87F102804F640A0770DB901DCAB136A1 /* Debug */ = {
			isa = XCBuildConfiguration;
			baseConfigurationReference = 2228DBD3B3EBFD246AFBD22729652BF2 /* Pods-TuringErrorImplementation_Example.debug.xcconfig */;
			buildSettings = {
				ASSETCATALOG_COMPILER_APPICON_NAME = AppIcon;
				DEVELOPMENT_TEAM = 7S572U2C68;
				INFOPLIST_FILE = TuringErrorImplementation/Info.plist;
				LD_RUNPATH_SEARCH_PATHS = "$(inherited) @executable_path/Frameworks";
				MODULE_NAME = ExampleApp;
				PRODUCT_BUNDLE_IDENTIFIER = "org.cocoapods.demo.$(PRODUCT_NAME:rfc1034identifier)";
				PRODUCT_NAME = "$(TARGET_NAME)";
				SWIFT_SWIFT3_OBJC_INFERENCE = Default;
				SWIFT_VERSION = 5.0;
			};
			name = Debug;
		};
		895B7CD72E0177A29EF935EF616C433F /* Release */ = {
			isa = XCBuildConfiguration;
			buildSettings = {
				ALWAYS_SEARCH_USER_PATHS = NO;
				CLANG_ANALYZER_LOCALIZABILITY_NONLOCALIZED = YES;
				CLANG_CXX_LANGUAGE_STANDARD = "gnu++0x";
				CLANG_CXX_LIBRARY = "libc++";
				CLANG_ENABLE_MODULES = YES;
				CLANG_ENABLE_OBJC_ARC = YES;
				CLANG_WARN_BLOCK_CAPTURE_AUTORELEASING = YES;
				CLANG_WARN_BOOL_CONVERSION = YES;
				CLANG_WARN_COMMA = YES;
				CLANG_WARN_CONSTANT_CONVERSION = YES;
				CLANG_WARN_DEPRECATED_OBJC_IMPLEMENTATIONS = YES;
				CLANG_WARN_DIRECT_OBJC_ISA_USAGE = YES_ERROR;
				CLANG_WARN_EMPTY_BODY = YES;
				CLANG_WARN_ENUM_CONVERSION = YES;
				CLANG_WARN_INFINITE_RECURSION = YES;
				CLANG_WARN_INT_CONVERSION = YES;
				CLANG_WARN_NON_LITERAL_NULL_CONVERSION = YES;
				CLANG_WARN_OBJC_IMPLICIT_RETAIN_SELF = YES;
				CLANG_WARN_OBJC_LITERAL_CONVERSION = YES;
				CLANG_WARN_OBJC_ROOT_CLASS = YES_ERROR;
				CLANG_WARN_RANGE_LOOP_ANALYSIS = YES;
				CLANG_WARN_STRICT_PROTOTYPES = YES;
				CLANG_WARN_SUSPICIOUS_MOVE = YES;
				CLANG_WARN_UNREACHABLE_CODE = YES;
				CLANG_WARN__DUPLICATE_METHOD_MATCH = YES;
				"CODE_SIGN_IDENTITY[sdk=iphoneos*]" = "iPhone Developer";
				COPY_PHASE_STRIP = NO;
				DEBUG_INFORMATION_FORMAT = "dwarf-with-dsym";
				ENABLE_NS_ASSERTIONS = NO;
				ENABLE_STRICT_OBJC_MSGSEND = YES;
				GCC_C_LANGUAGE_STANDARD = gnu99;
				GCC_NO_COMMON_BLOCKS = YES;
				GCC_WARN_64_TO_32_BIT_CONVERSION = YES;
				GCC_WARN_ABOUT_RETURN_TYPE = YES_ERROR;
				GCC_WARN_UNDECLARED_SELECTOR = YES;
				GCC_WARN_UNINITIALIZED_AUTOS = YES_AGGRESSIVE;
				GCC_WARN_UNUSED_FUNCTION = YES;
				GCC_WARN_UNUSED_VARIABLE = YES;
				IPHONEOS_DEPLOYMENT_TARGET = 9.3;
				MTL_ENABLE_DEBUG_INFO = NO;
				SDKROOT = iphoneos;
				SWIFT_OPTIMIZATION_LEVEL = "-Owholemodule";
				SWIFT_VERSION = 5.0;
				VALIDATE_PRODUCT = YES;
			};
			name = Release;
		};
		988A1BE4B032D349198CA32DE41FB5E7 /* Release */ = {
			isa = XCBuildConfiguration;
			baseConfigurationReference = 5F43A111B5B16BA9220BC139AF38EDCF /* Pods-TuringErrorImplementation_Tests.release.xcconfig */;
			buildSettings = {
				DEVELOPMENT_TEAM = 7S572U2C68;
				FRAMEWORK_SEARCH_PATHS = (
					"$(SDKROOT)/Developer/Library/Frameworks",
					"$(inherited)",
				);
				INFOPLIST_FILE = Tests/Info.plist;
				LD_RUNPATH_SEARCH_PATHS = "$(inherited) @executable_path/Frameworks @loader_path/Frameworks";
				PRODUCT_BUNDLE_IDENTIFIER = "org.cocoapods.$(PRODUCT_NAME:rfc1034identifier)";
				PRODUCT_NAME = "$(TARGET_NAME)";
				SWIFT_SWIFT3_OBJC_INFERENCE = Default;
				SWIFT_VERSION = 5.0;
				TEST_HOST = "$(BUILT_PRODUCTS_DIR)/TuringError_Example.app/TuringError_Example";
			};
			name = Release;
		};
		EB067D8E8F0CF4BF993BA1FA5146A474 /* Debug */ = {
			isa = XCBuildConfiguration;
			buildSettings = {
				ALWAYS_SEARCH_USER_PATHS = NO;
				CLANG_ANALYZER_LOCALIZABILITY_NONLOCALIZED = YES;
				CLANG_CXX_LANGUAGE_STANDARD = "gnu++0x";
				CLANG_CXX_LIBRARY = "libc++";
				CLANG_ENABLE_MODULES = YES;
				CLANG_ENABLE_OBJC_ARC = YES;
				CLANG_WARN_BLOCK_CAPTURE_AUTORELEASING = YES;
				CLANG_WARN_BOOL_CONVERSION = YES;
				CLANG_WARN_COMMA = YES;
				CLANG_WARN_CONSTANT_CONVERSION = YES;
				CLANG_WARN_DEPRECATED_OBJC_IMPLEMENTATIONS = YES;
				CLANG_WARN_DIRECT_OBJC_ISA_USAGE = YES_ERROR;
				CLANG_WARN_EMPTY_BODY = YES;
				CLANG_WARN_ENUM_CONVERSION = YES;
				CLANG_WARN_INFINITE_RECURSION = YES;
				CLANG_WARN_INT_CONVERSION = YES;
				CLANG_WARN_NON_LITERAL_NULL_CONVERSION = YES;
				CLANG_WARN_OBJC_IMPLICIT_RETAIN_SELF = YES;
				CLANG_WARN_OBJC_LITERAL_CONVERSION = YES;
				CLANG_WARN_OBJC_ROOT_CLASS = YES_ERROR;
				CLANG_WARN_RANGE_LOOP_ANALYSIS = YES;
				CLANG_WARN_STRICT_PROTOTYPES = YES;
				CLANG_WARN_SUSPICIOUS_MOVE = YES;
				CLANG_WARN_UNREACHABLE_CODE = YES;
				CLANG_WARN__DUPLICATE_METHOD_MATCH = YES;
				"CODE_SIGN_IDENTITY[sdk=iphoneos*]" = "iPhone Developer";
				COPY_PHASE_STRIP = NO;
				DEBUG_INFORMATION_FORMAT = "dwarf-with-dsym";
				ENABLE_STRICT_OBJC_MSGSEND = YES;
				ENABLE_TESTABILITY = YES;
				GCC_C_LANGUAGE_STANDARD = gnu99;
				GCC_DYNAMIC_NO_PIC = NO;
				GCC_NO_COMMON_BLOCKS = YES;
				GCC_OPTIMIZATION_LEVEL = 0;
				GCC_PREPROCESSOR_DEFINITIONS = (
					"DEBUG=1",
					"$(inherited)",
				);
				GCC_SYMBOLS_PRIVATE_EXTERN = NO;
				GCC_WARN_64_TO_32_BIT_CONVERSION = YES;
				GCC_WARN_ABOUT_RETURN_TYPE = YES_ERROR;
				GCC_WARN_UNDECLARED_SELECTOR = YES;
				GCC_WARN_UNINITIALIZED_AUTOS = YES_AGGRESSIVE;
				GCC_WARN_UNUSED_FUNCTION = YES;
				GCC_WARN_UNUSED_VARIABLE = YES;
				IPHONEOS_DEPLOYMENT_TARGET = 9.3;
				MTL_ENABLE_DEBUG_INFO = YES;
				ONLY_ACTIVE_ARCH = YES;
				SDKROOT = iphoneos;
				SWIFT_OPTIMIZATION_LEVEL = "-Onone";
				SWIFT_VERSION = 5.0;
			};
			name = Debug;
		};
		FD67A2FF0C18C6574367C9A78148E04E /* Release */ = {
			isa = XCBuildConfiguration;
			baseConfigurationReference = F6A0BE219BD35DAEF8B22D0438825DDD /* Pods-TuringErrorImplementation_Example.release.xcconfig */;
			buildSettings = {
				ASSETCATALOG_COMPILER_APPICON_NAME = AppIcon;
				DEVELOPMENT_TEAM = 7S572U2C68;
				INFOPLIST_FILE = TuringErrorImplementation/Info.plist;
				LD_RUNPATH_SEARCH_PATHS = "$(inherited) @executable_path/Frameworks";
				MODULE_NAME = ExampleApp;
				PRODUCT_BUNDLE_IDENTIFIER = "org.cocoapods.demo.$(PRODUCT_NAME:rfc1034identifier)";
				PRODUCT_NAME = "$(TARGET_NAME)";
				SWIFT_SWIFT3_OBJC_INFERENCE = Default;
				SWIFT_VERSION = 5.0;
			};
			name = Release;
		};
/* End XCBuildConfiguration section */

/* Begin XCConfigurationList section */
		1D0C7E0A8AF44C9B8F06BD553945AB2C /* Build configuration list for PBXNativeTarget "TuringError_Tests" */ = {
			isa = XCConfigurationList;
			buildConfigurations = (
				1F976DD7A21C06AA431E76C2834E1C2A /* Debug */,
				988A1BE4B032D349198CA32DE41FB5E7 /* Release */,
			);
			defaultConfigurationIsVisible = 0;
			defaultConfigurationName = Release;
		};
		2C94A36C4999AE2A4DB8746D61B39911 /* Build configuration list for PBXNativeTarget "TuringError_Example" */ = {
			isa = XCConfigurationList;
			buildConfigurations = (
				87F102804F640A0770DB901DCAB136A1 /* Debug */,
				FD67A2FF0C18C6574367C9A78148E04E /* Release */,
			);
			defaultConfigurationIsVisible = 0;
			defaultConfigurationName = Release;
		};
		D754A67F604B893378DBCE383C87AB9C /* Build configuration list for PBXProject "TuringError" */ = {
			isa = XCConfigurationList;
			buildConfigurations = (
				EB067D8E8F0CF4BF993BA1FA5146A474 /* Debug */,
				895B7CD72E0177A29EF935EF616C433F /* Release */,
			);
			defaultConfigurationIsVisible = 0;
			defaultConfigurationName = Release;
		};
/* End XCConfigurationList section */
	};
	rootObject = AD9F99783381865B6FC9154126AD0BD7 /* Project object */;
}
