PODS:
  - Nimble (8.0.1)
  - Quick (2.0.0)
  - TuringError (0.1.0):
    - TuringErrorInterface (= 0.1.0)
  - TuringErrorInterface (0.1.0)

DEPENDENCIES:
  - Nimble
  - Quick
  - TuringError (from `../../../`)
  - TuringErrorInterface (from `../../../`)

SPEC REPOS:
  https://github.com/cocoapods/specs.git:
    - Nimble
    - Quick

EXTERNAL SOURCES:
  TuringError:
    :path: "../../../"
  TuringErrorInterface:
    :path: "../../../"

SPEC CHECKSUMS:
  Nimble: 45f786ae66faa9a709624227fae502db55a8bdd0
  Quick: ce1276c7c27ba2da3cb2fd0cde053c3648b3b22d
  TuringError: f033bf6a7d28f39ad4b5bba9b46a17643bfc7a0f
  TuringErrorInterface: 0a7761317340dd67a15262eb20accbdd1931a49b

PODFILE CHECKSUM: cabaa61eed31d299718699ea44ab2901825590e9

COCOAPODS: 1.5.3
