PODS:
  - Nimble (8.0.1)
  - Quick (2.0.0)
  - SwiftLint (0.31.0)
  - TuringError (0.1.0):
    - TuringErrorInterface (= 0.1.0)
  - TuringErrorInterface (0.1.0)

DEPENDENCIES:
  - Nimble
  - Quick
  - SwiftLint
  - TuringError (from `../../../`)
  - TuringErrorInterface (from `../../../`)

SPEC REPOS:
  https://github.com/cocoapods/specs.git:
    - Nimble
    - Quick
    - SwiftLint

EXTERNAL SOURCES:
  TuringError:
    :path: "../../../"
  TuringErrorInterface:
    :path: "../../../"

SPEC CHECKSUMS:
  Nimble: 45f786ae66faa9a709624227fae502db55a8bdd0
  Quick: ce1276c7c27ba2da3cb2fd0cde053c3648b3b22d
  SwiftLint: 7a0227733d786395817373b2d0ca799fd0093ff3
  TuringError: d28855253e333c5494d9538e03afee106dbc553a
  TuringErrorInterface: 99389b15c419cc518ed7f272efecc25c9afb0db2

PODFILE CHECKSUM: 0d540e5facce019354ae9952f02e4abe1ffc55e0

COCOAPODS: 1.7.1
