PODS:
  - Nimble (8.0.1)
  - Quick (2.0.0)
  - TuringSafe (0.1.0)

DEPENDENCIES:
  - Nimble
  - Quick
  - TuringSafe (from `../../`)

SPEC REPOS:
  https://github.com/cocoapods/specs.git:
    - Nimble
    - Quick

EXTERNAL SOURCES:
  TuringSafe:
    :path: "../../"

SPEC CHECKSUMS:
  Nimble: 45f786ae66faa9a709624227fae502db55a8bdd0
  Quick: ce1276c7c27ba2da3cb2fd0cde053c3648b3b22d
  TuringSafe: f4ac9dd6ba7e7fe011cb2e6f6a63b3ba1e875626

PODFILE CHECKSUM: 7fffbc24642ef27f6877e436389bb98003ee590b

COCOAPODS: 1.5.3
