PODS:
  - TuringErrorInterface (0.1.0)

DEPENDENCIES:
  - TuringErrorInterface (from `../`)

EXTERNAL SOURCES:
  TuringErrorInterface:
    :path: "../"

SPEC CHECKSUMS:
  TuringErrorInterface: 1bbad2bb34dad71ea44f6ccd5007614074489fa9

PODFILE CHECKSUM: fa09d7664bc33e105ba9fabd7cac20744c1a3536

COCOAPODS: 1.5.3
