PODS:
  - TuringErrorInterface (0.1.0)

DEPENDENCIES:
  - TuringErrorInterface (from `../../../`)

EXTERNAL SOURCES:
  TuringErrorInterface:
    :path: "../../../"

SPEC CHECKSUMS:
  TuringErrorInterface: 0a7761317340dd67a15262eb20accbdd1931a49b

PODFILE CHECKSUM: 6cf286244118bdcb4e9dfe0414696212ed60abc5

COCOAPODS: 1.5.3
