PODS:
  - Nimble (8.0.2)
  - Quick (2.1.0)
  - SwiftLint (0.33.0)
  - TuringError (0.1.0):
    - TuringErrorInterface (= 0.1.0)
  - TuringErrorInterface (0.1.0)
  - TuringStorageServiceInterface (0.1.0)
  - TuringUserDefaultsService (0.1.0):
    - TuringError (~> 0.1.0)
    - TuringErrorInterface (~> 0.1.0)
    - TuringStorageServiceInterface (= 0.1.0)

DEPENDENCIES:
  - Nimble
  - Quick
  - SwiftLint
  - TuringError (from `../../../../`)
  - TuringErrorInterface (from `../../../../`)
  - TuringStorageServiceInterface (from `../../../../`)
  - TuringUserDefaultsService (from `../../../../`)

SPEC REPOS:
  https://github.com/cocoapods/specs.git:
    - Nimble
    - Quick
    - SwiftLint

EXTERNAL SOURCES:
  TuringError:
    :path: "../../../../"
  TuringErrorInterface:
    :path: "../../../../"
  TuringStorageServiceInterface:
    :path: "../../../../"
  TuringUserDefaultsService:
    :path: "../../../../"

SPEC CHECKSUMS:
  Nimble: 622629381bda1dd5678162f21f1368cec7cbba60
  Quick: 4be43f6634acfa727dd106bdf3929ce125ffa79d
  SwiftLint: fed9c66336e41fc74dc48a73678380718f0c8b0e
  TuringError: d28855253e333c5494d9538e03afee106dbc553a
  TuringErrorInterface: 99389b15c419cc518ed7f272efecc25c9afb0db2
  TuringStorageServiceInterface: b00bc3c584ddf694111f03984b3e4cd0d2e0897f
  TuringUserDefaultsService: c27ae2526c0a891d9c656556d17173af91f49ca7

PODFILE CHECKSUM: f4654833de8cf536a06526c66ed9d54af81aa474

COCOAPODS: 1.7.1
